// !$*UTF8*$!
{
	archiveVersion = 1;
	classes = {
	};
	objectVersion = 77;
	objects = {

/* Begin PBXBuildFile section */
		03863DDC82B3DC452E915BF7 /* DownloadLiveActivity.swift in Sources */ = {isa = PBXBuildFile; fileRef = 46FAE8C7AB41057B392DF731 /* DownloadLiveActivity.swift */; };
		06412259452CCFBF300F2D4B /* SmartTubeIOS in Frameworks */ = {isa = PBXBuildFile; productRef = B8401470D9A590E7F3685830 /* SmartTubeIOS */; };
		1A2B3C4D5E6F1A2B3C4D5E63 /* TVFocusChainUITests.swift in Sources */ = {isa = PBXBuildFile; fileRef = 1A2B3C4D5E6F1A2B3C4D5E62 /* TVFocusChainUITests.swift */; };
		494A17316084B602873D7C05 /* Assets.xcassets in Resources */ = {isa = PBXBuildFile; fileRef = AE55B486AFD7F51FEF1874FF /* Assets.xcassets */; };
		673C1D012F7F20340021583B /* Launch Screen.storyboard in Resources */ = {isa = PBXBuildFile; fileRef = 673C1D002F7F20340021583B /* Launch Screen.storyboard */; };
		67B1B1732FA5384E0059D847 /* VideoPlaybackRegressionUITests.swift in Sources */ = {isa = PBXBuildFile; fileRef = 67B1B1722FA5384E0059D847 /* VideoPlaybackRegressionUITests.swift */; };
		67E6B6872F9535CD00CD372F /* SmartTubeIOS in Frameworks */ = {isa = PBXBuildFile; productRef = 67E6B6862F9535CD00CD372F /* SmartTubeIOS */; };
		AA01000000000000000000A4 /* ShareViewController.swift in Sources */ = {isa = PBXBuildFile; fileRef = AA01000000000000000000A1 /* ShareViewController.swift */; };
		AA01000000000000000000A5 /* SmartTubeIOSCore in Frameworks */ = {isa = PBXBuildFile; productRef = AA01000000000000000000B1 /* SmartTubeIOSCore */; };
		AA01000000000000000000A6 /* SmartTubeShareExtension.appex in Embed Foundation Extensions */ = {isa = PBXBuildFile; fileRef = AA01000000000000000000A3 /* SmartTubeShareExtension.appex */; settings = {ATTRIBUTES = (RemoveHeadersOnCopy, ); }; };
		B0C1D2E3F4A5B6C7D8E9F0A1 /* ShortsNavigationUITests.swift in Sources */ = {isa = PBXBuildFile; fileRef = A9B0C1D2E3F4A5B6C7D8E9F0 /* ShortsNavigationUITests.swift */; };
		C1D2E3F4A5B6C7D8E9F0A1B2 /* PlayerNavigationUITests.swift in Sources */ = {isa = PBXBuildFile; fileRef = B2C3D4E5F6A7B8C9D0E1F2A3 /* PlayerNavigationUITests.swift */; };
		CD550C82FB83F1B06A867F3F /* Foundation.framework in Frameworks */ = {isa = PBXBuildFile; fileRef = 161D597B9340722805A04592 /* Foundation.framework */; };
		D222FD43501FE20610A249CC /* PlaylistsNavigationUITests.swift in Sources */ = {isa = PBXBuildFile; fileRef = 43AC502830145DD05002B5A2 /* PlaylistsNavigationUITests.swift */; };
		D4F5A6B7C8D9E0F1A2B3C4D5 /* SubscriptionsPlaybackUITests.swift in Sources */ = {isa = PBXBuildFile; fileRef = C3E4F5A6B7C8D9E0F1A2B3C4 /* SubscriptionsPlaybackUITests.swift */; };
		D9B2E782B8D7E9E750193022 /* SmartTubeDownloadWidget.appex in Embed Foundation Extensions */ = {isa = PBXBuildFile; fileRef = 79E77E6DD18B12CA7A5341D0 /* SmartTubeDownloadWidget.appex */; settings = {ATTRIBUTES = (RemoveHeadersOnCopy, ); }; };
		DD2551477B9F9B6D89AE6FCB /* AppEntry.swift in Sources */ = {isa = PBXBuildFile; fileRef = 29356C9641042E3DA5F16175 /* AppEntry.swift */; };
		E3F4A5B6C7D8E9F0A1B2C3D4 /* CategoryChipHTTP400UITests.swift in Sources */ = {isa = PBXBuildFile; fileRef = F4A5B6C7D8E9F0A1B2C3D4E5 /* CategoryChipHTTP400UITests.swift */; };
		E5F6A7B8C9D0E1F2A3B4C5D6 /* SubscriptionsScrollRestorationUITests.swift in Sources */ = {isa = PBXBuildFile; fileRef = D5E6F7A8B9C0D1E2F3A4B5C6 /* SubscriptionsScrollRestorationUITests.swift */; };
		F1CDC40190BFE18C52E5AD1B /* SmartTubeIOSCore in Frameworks */ = {isa = PBXBuildFile; productRef = 4D96747315A9E066D09F1F4E /* SmartTubeIOSCore */; };
		FB01000000000000000000A1 /* GoogleService-Info.plist in Resources */ = {isa = PBXBuildFile; fileRef = FA01000000000000000000A1 /* GoogleService-Info.plist */; };
/* End PBXBuildFile section */

/* Begin PBXContainerItemProxy section */
		1A2B3C4D5E6F1A2B3C4D5E69 /* PBXContainerItemProxy */ = {
			isa = PBXContainerItemProxy;
			containerPortal = CF958B49C3E80CFAE3F092E3 /* Project object */;
			proxyType = 1;
			remoteGlobalIDString = 67E6B67A2F9535CD00CD372F;
			remoteInfo = "Smart Tube";
		};
		49607BD3D63D4720113FA32C /* PBXContainerItemProxy */ = {
			isa = PBXContainerItemProxy;
			containerPortal = CF958B49C3E80CFAE3F092E3 /* Project object */;
			proxyType = 1;
			remoteGlobalIDString = 92FF8ABD9CCECACCB7D9D2F1;
			remoteInfo = SmartTubeDownloadWidget;
		};
		5B9FD798A2B61FB0B894387A /* PBXContainerItemProxy */ = {
			isa = PBXContainerItemProxy;
			containerPortal = CF958B49C3E80CFAE3F092E3 /* Project object */;
			proxyType = 1;
			remoteGlobalIDString = 5A4C56D3A7C36BE68C3C3CE0;
			remoteInfo = SmartTube;
		};
		AA01000000000000000000AF /* PBXContainerItemProxy */ = {
			isa = PBXContainerItemProxy;
			containerPortal = CF958B49C3E80CFAE3F092E3 /* Project object */;
			proxyType = 1;
			remoteGlobalIDString = AA01000000000000000000A7;
			remoteInfo = SmartTubeShareExtension;
		};
/* End PBXContainerItemProxy section */

/* Begin PBXCopyFilesBuildPhase section */
		058A178EA117F7F7EA83573C /* Embed Foundation Extensions */ = {
			isa = PBXCopyFilesBuildPhase;
			buildActionMask = 2147483647;
			dstPath = "";
			dstSubfolderSpec = 13;
			files = (
				D9B2E782B8D7E9E750193022 /* SmartTubeDownloadWidget.appex in Embed Foundation Extensions */,
				AA01000000000000000000A6 /* SmartTubeShareExtension.appex in Embed Foundation Extensions */,
			);
			name = "Embed Foundation Extensions";
			runOnlyForDeploymentPostprocessing = 0;
		};
/* End PBXCopyFilesBuildPhase section */

/* Begin PBXFileReference section */
		161D597B9340722805A04592 /* Foundation.framework */ = {isa = PBXFileReference; lastKnownFileType = wrapper.framework; name = Foundation.framework; path = Platforms/iPhoneOS.platform/Developer/SDKs/iPhoneOS18.0.sdk/System/Library/Frameworks/Foundation.framework; sourceTree = DEVELOPER_DIR; };
		1A2B3C4D5E6F1A2B3C4D5E61 /* SmartTubeTVUITests.xctest */ = {isa = PBXFileReference; explicitFileType = wrapper.cfbundle; includeInIndex = 0; path = SmartTubeTVUITests.xctest; sourceTree = BUILT_PRODUCTS_DIR; };
		1A2B3C4D5E6F1A2B3C4D5E62 /* TVFocusChainUITests.swift */ = {isa = PBXFileReference; lastKnownFileType = sourcecode.swift; path = TVFocusChainUITests.swift; sourceTree = "<group>"; };
		29356C9641042E3DA5F16175 /* AppEntry.swift */ = {isa = PBXFileReference; lastKnownFileType = sourcecode.swift; path = AppEntry.swift; sourceTree = "<group>"; };
		43AC502830145DD05002B5A2 /* PlaylistsNavigationUITests.swift */ = {isa = PBXFileReference; lastKnownFileType = sourcecode.swift; path = PlaylistsNavigationUITests.swift; sourceTree = "<group>"; };
		46FAE8C7AB41057B392DF731 /* DownloadLiveActivity.swift */ = {isa = PBXFileReference; includeInIndex = 1; lastKnownFileType = sourcecode.swift; path = DownloadLiveActivity.swift; sourceTree = "<group>"; };
		673C1D002F7F20340021583B /* Launch Screen.storyboard */ = {isa = PBXFileReference; lastKnownFileType = file.storyboard; path = "Launch Screen.storyboard"; sourceTree = "<group>"; };
		67B1B1722FA5384E0059D847 /* VideoPlaybackRegressionUITests.swift */ = {isa = PBXFileReference; lastKnownFileType = sourcecode.swift; path = VideoPlaybackRegressionUITests.swift; sourceTree = "<group>"; };
		67E6B67B2F9535CD00CD372F /* Smart Tube.app */ = {isa = PBXFileReference; explicitFileType = wrapper.application; includeInIndex = 0; path = "Smart Tube.app"; sourceTree = BUILT_PRODUCTS_DIR; };
		6ACA5CEA633CF065619F786C /* SmartTube.app */ = {isa = PBXFileReference; explicitFileType = wrapper.application; includeInIndex = 0; path = SmartTube.app; sourceTree = BUILT_PRODUCTS_DIR; };
		79E77E6DD18B12CA7A5341D0 /* SmartTubeDownloadWidget.appex */ = {isa = PBXFileReference; explicitFileType = "wrapper.app-extension"; includeInIndex = 0; path = SmartTubeDownloadWidget.appex; sourceTree = BUILT_PRODUCTS_DIR; };
		A9B0C1D2E3F4A5B6C7D8E9F0 /* ShortsNavigationUITests.swift */ = {isa = PBXFileReference; lastKnownFileType = sourcecode.swift; path = ShortsNavigationUITests.swift; sourceTree = "<group>"; };
		AA01000000000000000000A1 /* ShareViewController.swift */ = {isa = PBXFileReference; lastKnownFileType = sourcecode.swift; path = ShareViewController.swift; sourceTree = "<group>"; };
		AA01000000000000000000A2 /* Info.plist */ = {isa = PBXFileReference; lastKnownFileType = text.plist.xml; path = Info.plist; sourceTree = "<group>"; };
		AA01000000000000000000A3 /* SmartTubeShareExtension.appex */ = {isa = PBXFileReference; explicitFileType = "wrapper.app-extension"; includeInIndex = 0; path = SmartTubeShareExtension.appex; sourceTree = BUILT_PRODUCTS_DIR; };
		AA01000000000000000000C1 /* SmartTubeApp.entitlements */ = {isa = PBXFileReference; lastKnownFileType = text.plist.entitlements; path = SmartTubeApp.entitlements; sourceTree = "<group>"; };
		AA01000000000000000000C2 /* SmartTubeShareExtension.entitlements */ = {isa = PBXFileReference; lastKnownFileType = text.plist.entitlements; path = SmartTubeShareExtension.entitlements; sourceTree = "<group>"; };
		AE55B486AFD7F51FEF1874FF /* Assets.xcassets */ = {isa = PBXFileReference; lastKnownFileType = folder.assetcatalog; path = Assets.xcassets; sourceTree = "<group>"; };
		B2C3D4E5F6A7B8C9D0E1F2A3 /* PlayerNavigationUITests.swift */ = {isa = PBXFileReference; lastKnownFileType = sourcecode.swift; path = PlayerNavigationUITests.swift; sourceTree = "<group>"; };
		B7482B081D440A26079AA9BC /* SmartTubeIOS */ = {isa = PBXFileReference; lastKnownFileType = folder; name = SmartTubeIOS; path = ../SmartTubeIOS; sourceTree = SOURCE_ROOT; };
		C3E4F5A6B7C8D9E0F1A2B3C4 /* SubscriptionsPlaybackUITests.swift */ = {isa = PBXFileReference; lastKnownFileType = sourcecode.swift; path = SubscriptionsPlaybackUITests.swift; sourceTree = "<group>"; };
		CA34C2AD8A70726C11C5F851 /* Info.plist */ = {isa = PBXFileReference; includeInIndex = 1; lastKnownFileType = text.plist.xml; path = Info.plist; sourceTree = "<group>"; };
		D5E6F7A8B9C0D1E2F3A4B5C6 /* SubscriptionsScrollRestorationUITests.swift */ = {isa = PBXFileReference; lastKnownFileType = sourcecode.swift; path = SubscriptionsScrollRestorationUITests.swift; sourceTree = "<group>"; };
		DA3810E40296738F4C5E0B95 /* SmartTubeUITests.xctest */ = {isa = PBXFileReference; explicitFileType = wrapper.cfbundle; includeInIndex = 0; path = SmartTubeUITests.xctest; sourceTree = BUILT_PRODUCTS_DIR; };
		F4A5B6C7D8E9F0A1B2C3D4E5 /* CategoryChipHTTP400UITests.swift */ = {isa = PBXFileReference; lastKnownFileType = sourcecode.swift; path = CategoryChipHTTP400UITests.swift; sourceTree = "<group>"; };
		FA01000000000000000000A1 /* GoogleService-Info.plist */ = {isa = PBXFileReference; lastKnownFileType = text.plist.xml; path = "GoogleService-Info.plist"; sourceTree = "<group>"; };
/* End PBXFileReference section */

/* Begin PBXFileSystemSynchronizedRootGroup section */
		67E6B67C2F9535CD00CD372F /* Smart Tube */ = {
			isa = PBXFileSystemSynchronizedRootGroup;
			path = "Smart Tube";
			sourceTree = "<group>";
		};
/* End PBXFileSystemSynchronizedRootGroup section */

/* Begin PBXFrameworksBuildPhase section */
		2BAA25ED5DBB8F5241B0AA13 /* Frameworks */ = {
			isa = PBXFrameworksBuildPhase;
			buildActionMask = 2147483647;
			files = (
				06412259452CCFBF300F2D4B /* SmartTubeIOS in Frameworks */,
			);
			runOnlyForDeploymentPostprocessing = 0;
		};
		67E6B6782F9535CD00CD372F /* Frameworks */ = {
			isa = PBXFrameworksBuildPhase;
			buildActionMask = 2147483647;
			files = (
				67E6B6872F9535CD00CD372F /* SmartTubeIOS in Frameworks */,
			);
			runOnlyForDeploymentPostprocessing = 0;
		};
		AA01000000000000000000A9 /* Frameworks */ = {
			isa = PBXFrameworksBuildPhase;
			buildActionMask = 2147483647;
			files = (
				AA01000000000000000000A5 /* SmartTubeIOSCore in Frameworks */,
			);
			runOnlyForDeploymentPostprocessing = 0;
		};
		B6C0B99892FC28B6BAE2EEE7 /* Frameworks */ = {
			isa = PBXFrameworksBuildPhase;
			buildActionMask = 2147483647;
			files = (
				CD550C82FB83F1B06A867F3F /* Foundation.framework in Frameworks */,
				F1CDC40190BFE18C52E5AD1B /* SmartTubeIOSCore in Frameworks */,
			);
			runOnlyForDeploymentPostprocessing = 0;
		};
/* End PBXFrameworksBuildPhase section */

/* Begin PBXGroup section */
		10B1F40F599FC1A0781AF6D9 = {
			isa = PBXGroup;
			children = (
				D1E07E1C2FBB3A95D6BDC0EF /* Packages */,
				32582044D5D706C4EC49DA00 /* SmartTubeApp */,
				9084B7F6DD70E282DD4342A7 /* Sources */,
				30B4BA37D4FD93516937E9D9 /* UITests */,
				67E6B67C2F9535CD00CD372F /* Smart Tube */,
				5EF0B6AF2643BF476B25C7C0 /* Products */,
				A6606018E9CE8927C08D84DF /* Frameworks */,
				3A6CBA986681DD6D6BBFD4EA /* DownloadWidget */,
				AA01000000000000000000AE /* ShareExtension */,
			);
			sourceTree = "<group>";
		};
		30B4BA37D4FD93516937E9D9 /* UITests */ = {
			isa = PBXGroup;
			children = (
				43AC502830145DD05002B5A2 /* PlaylistsNavigationUITests.swift */,
				A9B0C1D2E3F4A5B6C7D8E9F0 /* ShortsNavigationUITests.swift */,
				B2C3D4E5F6A7B8C9D0E1F2A3 /* PlayerNavigationUITests.swift */,
				F4A5B6C7D8E9F0A1B2C3D4E5 /* CategoryChipHTTP400UITests.swift */,
				C3E4F5A6B7C8D9E0F1A2B3C4 /* SubscriptionsPlaybackUITests.swift */,
				D5E6F7A8B9C0D1E2F3A4B5C6 /* SubscriptionsScrollRestorationUITests.swift */,
				1A2B3C4D5E6F1A2B3C4D5E62 /* TVFocusChainUITests.swift */,
				67B1B1722FA5384E0059D847 /* VideoPlaybackRegressionUITests.swift */,
			);
			path = UITests;
			sourceTree = "<group>";
		};
		32582044D5D706C4EC49DA00 /* SmartTubeApp */ = {
			isa = PBXGroup;
			children = (
				AE55B486AFD7F51FEF1874FF /* Assets.xcassets */,
				673C1D002F7F20340021583B /* Launch Screen.storyboard */,
				AA01000000000000000000C1 /* SmartTubeApp.entitlements */,
				FA01000000000000000000A1 /* GoogleService-Info.plist */,
			);
			path = SmartTubeApp;
			sourceTree = "<group>";
		};
		3A6CBA986681DD6D6BBFD4EA /* DownloadWidget */ = {
			isa = PBXGroup;
			children = (
				46FAE8C7AB41057B392DF731 /* DownloadLiveActivity.swift */,
				CA34C2AD8A70726C11C5F851 /* Info.plist */,
			);
			path = DownloadWidget;
			sourceTree = "<group>";
		};
		5EF0B6AF2643BF476B25C7C0 /* Products */ = {
			isa = PBXGroup;
			children = (
				6ACA5CEA633CF065619F786C /* SmartTube.app */,
				DA3810E40296738F4C5E0B95 /* SmartTubeUITests.xctest */,
				79E77E6DD18B12CA7A5341D0 /* SmartTubeDownloadWidget.appex */,
				AA01000000000000000000A3 /* SmartTubeShareExtension.appex */,
				67E6B67B2F9535CD00CD372F /* Smart Tube.app */,
				1A2B3C4D5E6F1A2B3C4D5E61 /* SmartTubeTVUITests.xctest */,
			);
			name = Products;
			sourceTree = "<group>";
		};
		78DAA0F76567709E5E23C9CF /* iOS */ = {
			isa = PBXGroup;
			children = (
				161D597B9340722805A04592 /* Foundation.framework */,
			);
			name = iOS;
			sourceTree = "<group>";
		};
		9084B7F6DD70E282DD4342A7 /* Sources */ = {
			isa = PBXGroup;
			children = (
				29356C9641042E3DA5F16175 /* AppEntry.swift */,
			);
			path = Sources;
			sourceTree = "<group>";
		};
		A6606018E9CE8927C08D84DF /* Frameworks */ = {
			isa = PBXGroup;
			children = (
				78DAA0F76567709E5E23C9CF /* iOS */,
			);
			name = Frameworks;
			sourceTree = "<group>";
		};
		AA01000000000000000000AE /* ShareExtension */ = {
			isa = PBXGroup;
			children = (
				AA01000000000000000000A1 /* ShareViewController.swift */,
				AA01000000000000000000A2 /* Info.plist */,
				AA01000000000000000000C2 /* SmartTubeShareExtension.entitlements */,
			);
			path = ShareExtension;
			sourceTree = "<group>";
		};
		D1E07E1C2FBB3A95D6BDC0EF /* Packages */ = {
			isa = PBXGroup;
			children = (
				B7482B081D440A26079AA9BC /* SmartTubeIOS */,
			);
			name = Packages;
			sourceTree = "<group>";
		};
/* End PBXGroup section */

/* Begin PBXNativeTarget section */
		1A2B3C4D5E6F1A2B3C4D5E64 /* SmartTubeTVUITests */ = {
			isa = PBXNativeTarget;
			buildConfigurationList = 1A2B3C4D5E6F1A2B3C4D5E68 /* Build configuration list for PBXNativeTarget "SmartTubeTVUITests" */;
			buildPhases = (
				1A2B3C4D5E6F1A2B3C4D5E65 /* Sources */,
			);
			buildRules = (
			);
			dependencies = (
				1A2B3C4D5E6F1A2B3C4D5E6A /* PBXTargetDependency */,
			);
			name = SmartTubeTVUITests;
			productName = SmartTubeTVUITests;
			productReference = 1A2B3C4D5E6F1A2B3C4D5E61 /* SmartTubeTVUITests.xctest */;
			productType = "com.apple.product-type.bundle.ui-testing";
		};
		38EEA5DF9BAA36788D776AB0 /* SmartTubeUITests */ = {
			isa = PBXNativeTarget;
			buildConfigurationList = AEAB87BD362E4200A8AED20B /* Build configuration list for PBXNativeTarget "SmartTubeUITests" */;
			buildPhases = (
				B3C0A889127D7404950A6815 /* Sources */,
			);
			buildRules = (
			);
			dependencies = (
				E375F1AE8C8F1602CC3963FA /* PBXTargetDependency */,
			);
			name = SmartTubeUITests;
			productName = SmartTubeUITests;
			productReference = DA3810E40296738F4C5E0B95 /* SmartTubeUITests.xctest */;
			productType = "com.apple.product-type.bundle.ui-testing";
		};
		5A4C56D3A7C36BE68C3C3CE0 /* SmartTube */ = {
			isa = PBXNativeTarget;
			buildConfigurationList = A25E75A9105B7E731FA11D5F /* Build configuration list for PBXNativeTarget "SmartTube" */;
			buildPhases = (
				BB7C0F594F9F78E351469840 /* Sources */,
				1BB79844535C5D78AAD554A6 /* Resources */,
				2BAA25ED5DBB8F5241B0AA13 /* Frameworks */,
				058A178EA117F7F7EA83573C /* Embed Foundation Extensions */,
				FFDDBB9900112233445566AA /* Copy Firebase Binary dSYMs */,
				67F34A972FA0A6A200EA6054 /* ShellScript */,
			);
			buildRules = (
			);
			dependencies = (
				0FBA651F0825F996F27B7476 /* PBXTargetDependency */,
				AA01000000000000000000B0 /* PBXTargetDependency */,
			);
			name = SmartTube;
			packageProductDependencies = (
				B8401470D9A590E7F3685830 /* SmartTubeIOS */,
			);
			productName = SmartTube;
			productReference = 6ACA5CEA633CF065619F786C /* SmartTube.app */;
			productType = "com.apple.product-type.application";
		};
		67E6B67A2F9535CD00CD372F /* Smart Tube */ = {
			isa = PBXNativeTarget;
			buildConfigurationList = 67E6B6852F9535CD00CD372F /* Build configuration list for PBXNativeTarget "Smart Tube" */;
			buildPhases = (
				67E6B6772F9535CD00CD372F /* Sources */,
				67E6B6782F9535CD00CD372F /* Frameworks */,
				67E6B6792F9535CD00CD372F /* Resources */,
			);
			buildRules = (
			);
			dependencies = (
			);
			fileSystemSynchronizedGroups = (
				67E6B67C2F9535CD00CD372F /* Smart Tube */,
			);
			name = "Smart Tube";
			packageProductDependencies = (
				67E6B6862F9535CD00CD372F /* SmartTubeIOS */,
			);
			productName = "Smart Tube";
			productReference = 67E6B67B2F9535CD00CD372F /* Smart Tube.app */;
			productType = "com.apple.product-type.application";
		};
		92FF8ABD9CCECACCB7D9D2F1 /* SmartTubeDownloadWidget */ = {
			isa = PBXNativeTarget;
			buildConfigurationList = 7D9289AB39EE378EB64C7F41 /* Build configuration list for PBXNativeTarget "SmartTubeDownloadWidget" */;
			buildPhases = (
				F7FB9220CD15997A4898F205 /* Sources */,
				B6C0B99892FC28B6BAE2EEE7 /* Frameworks */,
				2700A04D56CBFAD56656C383 /* Resources */,
			);
			buildRules = (
			);
			dependencies = (
			);
			name = SmartTubeDownloadWidget;
			packageProductDependencies = (
				4D96747315A9E066D09F1F4E /* SmartTubeIOSCore */,
			);
			productName = SmartTubeDownloadWidget;
			productReference = 79E77E6DD18B12CA7A5341D0 /* SmartTubeDownloadWidget.appex */;
			productType = "com.apple.product-type.app-extension";
		};
		AA01000000000000000000A7 /* SmartTubeShareExtension */ = {
			isa = PBXNativeTarget;
			buildConfigurationList = AA01000000000000000000AD /* Build configuration list for PBXNativeTarget "SmartTubeShareExtension" */;
			buildPhases = (
				AA01000000000000000000A8 /* Sources */,
				AA01000000000000000000A9 /* Frameworks */,
				AA01000000000000000000AA /* Resources */,
			);
			buildRules = (
			);
			dependencies = (
			);
			name = SmartTubeShareExtension;
			packageProductDependencies = (
				AA01000000000000000000B1 /* SmartTubeIOSCore */,
			);
			productName = SmartTubeShareExtension;
			productReference = AA01000000000000000000A3 /* SmartTubeShareExtension.appex */;
			productType = "com.apple.product-type.app-extension";
		};
/* End PBXNativeTarget section */

/* Begin PBXProject section */
		CF958B49C3E80CFAE3F092E3 /* Project object */ = {
			isa = PBXProject;
			attributes = {
				BuildIndependentTargetsInParallel = YES;
				LastSwiftUpdateCheck = 2640;
				LastUpgradeCheck = 2640;
				TargetAttributes = {
					1A2B3C4D5E6F1A2B3C4D5E64 = {
						TestTargetID = 67E6B67A2F9535CD00CD372F;
					};
					38EEA5DF9BAA36788D776AB0 = {
						TestTargetID = 5A4C56D3A7C36BE68C3C3CE0;
					};
					5A4C56D3A7C36BE68C3C3CE0 = {
						ProvisioningStyle = Automatic;
					};
					67E6B67A2F9535CD00CD372F = {
						CreatedOnToolsVersion = 26.4;
					};
				};
			};
			buildConfigurationList = 0B664A7C4FCE77DC38FBE17B /* Build configuration list for PBXProject "SmartTubeApp" */;
			developmentRegion = en;
			hasScannedForEncodings = 0;
			knownRegions = (
				Base,
				en,
			);
			mainGroup = 10B1F40F599FC1A0781AF6D9;
			minimizedProjectReferenceProxies = 1;
			packageReferences = (
				644EA6428F48EF6B886E4B58 /* XCLocalSwiftPackageReference "../SmartTubeIOS" */,
			);
			preferredProjectObjectVersion = 77;
			productRefGroup = 5EF0B6AF2643BF476B25C7C0 /* Products */;
			projectDirPath = "";
			projectRoot = "";
			targets = (
				5A4C56D3A7C36BE68C3C3CE0 /* SmartTube */,
				38EEA5DF9BAA36788D776AB0 /* SmartTubeUITests */,
				92FF8ABD9CCECACCB7D9D2F1 /* SmartTubeDownloadWidget */,
				AA01000000000000000000A7 /* SmartTubeShareExtension */,
				67E6B67A2F9535CD00CD372F /* Smart Tube */,
				1A2B3C4D5E6F1A2B3C4D5E64 /* SmartTubeTVUITests */,
			);
		};
/* End PBXProject section */

/* Begin PBXResourcesBuildPhase section */
		1BB79844535C5D78AAD554A6 /* Resources */ = {
			isa = PBXResourcesBuildPhase;
			buildActionMask = 2147483647;
			files = (
				673C1D012F7F20340021583B /* Launch Screen.storyboard in Resources */,
				494A17316084B602873D7C05 /* Assets.xcassets in Resources */,
				FB01000000000000000000A1 /* GoogleService-Info.plist in Resources */,
			);
			runOnlyForDeploymentPostprocessing = 0;
		};
		2700A04D56CBFAD56656C383 /* Resources */ = {
			isa = PBXResourcesBuildPhase;
			buildActionMask = 2147483647;
			files = (
			);
			runOnlyForDeploymentPostprocessing = 0;
		};
		67E6B6792F9535CD00CD372F /* Resources */ = {
			isa = PBXResourcesBuildPhase;
			buildActionMask = 2147483647;
			files = (
			);
			runOnlyForDeploymentPostprocessing = 0;
		};
		AA01000000000000000000AA /* Resources */ = {
			isa = PBXResourcesBuildPhase;
			buildActionMask = 2147483647;
			files = (
			);
			runOnlyForDeploymentPostprocessing = 0;
		};
/* End PBXResourcesBuildPhase section */

/* Begin PBXShellScriptBuildPhase section */
		67F34A972FA0A6A200EA6054 /* ShellScript */ = {
			isa = PBXShellScriptBuildPhase;
			buildActionMask = 2147483647;
			files = (
			);
			inputFileListPaths = (
			);
			inputPaths = (
				"$(DWARF_DSYM_FOLDER_PATH)/$(DWARF_DSYM_FILE_NAME)/Contents/Resources/DWARF/$(TARGET_NAME)",
				"$(SRCROOT)/$(BUILT_PRODUCTS_DIR)/$(INFOPLIST_PATH)",
			);
			outputFileListPaths = (
			);
			outputPaths = (
			);
			runOnlyForDeploymentPostprocessing = 0;
			shellPath = /bin/sh;
			shellScript = "\"${BUILD_DIR%Build/*}SourcePackages/checkouts/firebase-ios-sdk/Crashlytics/run\"\n";
		};
		FFDDBB9900112233445566AA /* Copy Firebase Binary dSYMs */ = {
			isa = PBXShellScriptBuildPhase;
			buildActionMask = 2147483647;
			files = (
			);
			inputFileListPaths = (
			);
			inputPaths = (
			);
			name = "Copy Firebase Binary dSYMs";
			outputFileListPaths = (
			);
			outputPaths = (
			);
			runOnlyForDeploymentPostprocessing = 1;
			shellPath = /bin/sh;
			shellScript = "# Copy dSYMs from Firebase/Google binary XCFrameworks into the archive\n# dSYM folder so App Store Connect can process them for crash symbolication.\nARCHIVE_DSYMS_PATH=\"${DWARF_DSYM_FOLDER_PATH}\"\nSPM_SOURCES=\"${BUILD_DIR%/Build/*}/SourcePackages\"\nif [ -d \"$SPM_SOURCES\" ] && [ -n \"$ARCHIVE_DSYMS_PATH\" ]; then\n    find \"$SPM_SOURCES\" -name \"*.dSYM\" -exec cp -rfp {} \"$ARCHIVE_DSYMS_PATH/\" \\;\nfi\n";
		};
/* End PBXShellScriptBuildPhase section */

/* Begin PBXSourcesBuildPhase section */
		1A2B3C4D5E6F1A2B3C4D5E65 /* Sources */ = {
			isa = PBXSourcesBuildPhase;
			buildActionMask = 2147483647;
			files = (
				1A2B3C4D5E6F1A2B3C4D5E63 /* TVFocusChainUITests.swift in Sources */,
			);
			runOnlyForDeploymentPostprocessing = 0;
		};
		67E6B6772F9535CD00CD372F /* Sources */ = {
			isa = PBXSourcesBuildPhase;
			buildActionMask = 2147483647;
			files = (
			);
			runOnlyForDeploymentPostprocessing = 0;
		};
		AA01000000000000000000A8 /* Sources */ = {
			isa = PBXSourcesBuildPhase;
			buildActionMask = 2147483647;
			files = (
				AA01000000000000000000A4 /* ShareViewController.swift in Sources */,
			);
			runOnlyForDeploymentPostprocessing = 0;
		};
		B3C0A889127D7404950A6815 /* Sources */ = {
			isa = PBXSourcesBuildPhase;
			buildActionMask = 2147483647;
			files = (
				D222FD43501FE20610A249CC /* PlaylistsNavigationUITests.swift in Sources */,
				B0C1D2E3F4A5B6C7D8E9F0A1 /* ShortsNavigationUITests.swift in Sources */,
				C1D2E3F4A5B6C7D8E9F0A1B2 /* PlayerNavigationUITests.swift in Sources */,
				E3F4A5B6C7D8E9F0A1B2C3D4 /* CategoryChipHTTP400UITests.swift in Sources */,
				67B1B1732FA5384E0059D847 /* VideoPlaybackRegressionUITests.swift in Sources */,
				D4F5A6B7C8D9E0F1A2B3C4D5 /* SubscriptionsPlaybackUITests.swift in Sources */,
				E5F6A7B8C9D0E1F2A3B4C5D6 /* SubscriptionsScrollRestorationUITests.swift in Sources */,
			);
			runOnlyForDeploymentPostprocessing = 0;
		};
		BB7C0F594F9F78E351469840 /* Sources */ = {
			isa = PBXSourcesBuildPhase;
			buildActionMask = 2147483647;
			files = (
				DD2551477B9F9B6D89AE6FCB /* AppEntry.swift in Sources */,
			);
			runOnlyForDeploymentPostprocessing = 0;
		};
		F7FB9220CD15997A4898F205 /* Sources */ = {
			isa = PBXSourcesBuildPhase;
			buildActionMask = 2147483647;
			files = (
				03863DDC82B3DC452E915BF7 /* DownloadLiveActivity.swift in Sources */,
			);
			runOnlyForDeploymentPostprocessing = 0;
		};
/* End PBXSourcesBuildPhase section */

/* Begin PBXTargetDependency section */
		0FBA651F0825F996F27B7476 /* PBXTargetDependency */ = {
			isa = PBXTargetDependency;
			name = SmartTubeDownloadWidget;
			target = 92FF8ABD9CCECACCB7D9D2F1 /* SmartTubeDownloadWidget */;
			targetProxy = 49607BD3D63D4720113FA32C /* PBXContainerItemProxy */;
		};
		1A2B3C4D5E6F1A2B3C4D5E6A /* PBXTargetDependency */ = {
			isa = PBXTargetDependency;
			target = 67E6B67A2F9535CD00CD372F /* Smart Tube */;
			targetProxy = 1A2B3C4D5E6F1A2B3C4D5E69 /* PBXContainerItemProxy */;
		};
		AA01000000000000000000B0 /* PBXTargetDependency */ = {
			isa = PBXTargetDependency;
			name = SmartTubeShareExtension;
			target = AA01000000000000000000A7 /* SmartTubeShareExtension */;
			targetProxy = AA01000000000000000000AF /* PBXContainerItemProxy */;
		};
		E375F1AE8C8F1602CC3963FA /* PBXTargetDependency */ = {
			isa = PBXTargetDependency;
			target = 5A4C56D3A7C36BE68C3C3CE0 /* SmartTube */;
			targetProxy = 5B9FD798A2B61FB0B894387A /* PBXContainerItemProxy */;
		};
/* End PBXTargetDependency section */

/* Begin XCBuildConfiguration section */
		0451DED328B2EF41079875ED /* Debug */ = {
			isa = XCBuildConfiguration;
			buildSettings = {
				ASSETCATALOG_COMPILER_APPICON_NAME = AppIcon;
				ASSETCATALOG_COMPILER_INCLUDE_ALL_APPICON_ASSETS = NO;
				CODE_SIGN_ENTITLEMENTS = SmartTubeApp/SmartTubeApp.entitlements;
				CODE_SIGN_IDENTITY = "iPhone Developer";
				CODE_SIGN_STYLE = Automatic;
				COMBINE_HIDPI_IMAGES = YES;
				DEAD_CODE_STRIPPING = YES;
				DEVELOPMENT_TEAM = 5A4JA438MW;
				ENABLE_PREVIEWS = YES;
				INFOPLIST_FILE = SmartTubeApp/Info.plist;
				INFOPLIST_KEY_CFBundleDisplayName = "Smart Tube";
				INFOPLIST_KEY_LSApplicationCategoryType = "public.app-category.entertainment";
				IPHONEOS_DEPLOYMENT_TARGET = 17.0;
				LAUNCH_STORYBOARD_NAME = "Launch Screen";
				LD_RUNPATH_SEARCH_PATHS = (
					"$(inherited)",
					"@executable_path/Frameworks",
				);
				MACOSX_DEPLOYMENT_TARGET = 14.0;
				PRODUCT_BUNDLE_IDENTIFIER = com.void.smarttube.app;
				PRODUCT_NAME = SmartTube;
				SDKROOT = auto;
				SUPPORTED_PLATFORMS = "iphoneos iphonesimulator";
				SUPPORTS_MACCATALYST = NO;
				SUPPORTS_MAC_DESIGNED_FOR_IPHONE_IPAD = NO;
				SUPPORTS_XR_DESIGNED_FOR_IPHONE_IPAD = NO;
				SWIFT_VERSION = 5.9;
				TARGETED_DEVICE_FAMILY = "1,2";
			};
			name = Debug;
		};
		1A2B3C4D5E6F1A2B3C4D5E66 /* Debug */ = {
			isa = XCBuildConfiguration;
			buildSettings = {
				CODE_SIGN_IDENTITY = "Apple Development";
				CODE_SIGN_STYLE = Automatic;
				GENERATE_INFOPLIST_FILE = YES;
				LD_RUNPATH_SEARCH_PATHS = (
					"$(inherited)",
					"@executable_path/Frameworks",
					"@loader_path/Frameworks",
				);
				PRODUCT_BUNDLE_IDENTIFIER = com.void.smarttube.tv.uitests;
				PROVISIONING_PROFILE_SPECIFIER = "";
				SDKROOT = appletvos;
				SUPPORTED_PLATFORMS = "appletvos appletvsimulator";
				SWIFT_VERSION = 5.9;
				TARGETED_DEVICE_FAMILY = 3;
				TEST_TARGET_NAME = "Smart Tube";
				TVOS_DEPLOYMENT_TARGET = 17.0;
			};
			name = Debug;
		};
		1A2B3C4D5E6F1A2B3C4D5E67 /* Release */ = {
			isa = XCBuildConfiguration;
			buildSettings = {
				CODE_SIGN_IDENTITY = "Apple Development";
				CODE_SIGN_STYLE = Automatic;
				GENERATE_INFOPLIST_FILE = YES;
				LD_RUNPATH_SEARCH_PATHS = (
					"$(inherited)",
					"@executable_path/Frameworks",
					"@loader_path/Frameworks",
				);
				PRODUCT_BUNDLE_IDENTIFIER = com.void.smarttube.tv.uitests;
				PROVISIONING_PROFILE_SPECIFIER = "";
				SDKROOT = appletvos;
				SUPPORTED_PLATFORMS = "appletvos appletvsimulator";
				SWIFT_VERSION = 5.9;
				TARGETED_DEVICE_FAMILY = 3;
				TEST_TARGET_NAME = "Smart Tube";
				TVOS_DEPLOYMENT_TARGET = 17.0;
				VALIDATE_PRODUCT = YES;
			};
			name = Release;
		};
		4AF41A3BD9270B2E62E2D1FD /* Debug */ = {
			isa = XCBuildConfiguration;
			buildSettings = {
				ALWAYS_SEARCH_USER_PATHS = NO;
				CLANG_ANALYZER_NONNULL = YES;
				CLANG_ANALYZER_NUMBER_OBJECT_CONVERSION = YES_AGGRESSIVE;
				CLANG_CXX_LANGUAGE_STANDARD = "gnu++14";
				CLANG_CXX_LIBRARY = "libc++";
				CLANG_ENABLE_MODULES = YES;
				CLANG_ENABLE_OBJC_ARC = YES;
				CLANG_ENABLE_OBJC_WEAK = YES;
				CLANG_WARN_BLOCK_CAPTURE_AUTORELEASING = YES;
				CLANG_WARN_BOOL_CONVERSION = YES;
				CLANG_WARN_COMMA = YES;
				CLANG_WARN_CONSTANT_CONVERSION = YES;
				CLANG_WARN_DEPRECATED_OBJC_IMPLEMENTATIONS = YES;
				CLANG_WARN_DIRECT_OBJC_ISA_USAGE = YES_ERROR;
				CLANG_WARN_DOCUMENTATION_COMMENTS = YES;
				CLANG_WARN_EMPTY_BODY = YES;
				CLANG_WARN_ENUM_CONVERSION = YES;
				CLANG_WARN_INFINITE_RECURSION = YES;
				CLANG_WARN_INT_CONVERSION = YES;
				CLANG_WARN_NON_LITERAL_NULL_CONVERSION = YES;
				CLANG_WARN_OBJC_IMPLICIT_RETAIN_SELF = YES;
				CLANG_WARN_OBJC_LITERAL_CONVERSION = YES;
				CLANG_WARN_OBJC_ROOT_CLASS = YES_ERROR;
				CLANG_WARN_QUOTED_INCLUDE_IN_FRAMEWORK_HEADER = YES;
				CLANG_WARN_RANGE_LOOP_ANALYSIS = YES;
				CLANG_WARN_STRICT_PROTOTYPES = YES;
				CLANG_WARN_SUSPICIOUS_MOVE = YES;
				CLANG_WARN_UNGUARDED_AVAILABILITY = YES_AGGRESSIVE;
				CLANG_WARN_UNREACHABLE_CODE = YES;
				CLANG_WARN__DUPLICATE_METHOD_MATCH = YES;
				COPY_PHASE_STRIP = NO;
				CURRENT_PROJECT_VERSION = 1;
				DEAD_CODE_STRIPPING = YES;
				DEBUG_INFORMATION_FORMAT = dwarf;
				ENABLE_STRICT_OBJC_MSGSEND = YES;
				ENABLE_TESTABILITY = YES;
				GCC_C_LANGUAGE_STANDARD = gnu11;
				GCC_DYNAMIC_NO_PIC = NO;
				GCC_NO_COMMON_BLOCKS = YES;
				GCC_OPTIMIZATION_LEVEL = 0;
				GCC_PREPROCESSOR_DEFINITIONS = (
					"$(inherited)",
					"DEBUG=1",
				);
				GCC_WARN_64_TO_32_BIT_CONVERSION = YES;
				GCC_WARN_ABOUT_RETURN_TYPE = YES_ERROR;
				GCC_WARN_UNDECLARED_SELECTOR = YES;
				GCC_WARN_UNINITIALIZED_AUTOS = YES_AGGRESSIVE;
				GCC_WARN_UNUSED_FUNCTION = YES;
				GCC_WARN_UNUSED_VARIABLE = YES;
				MARKETING_VERSION = 1.9;
				MTL_ENABLE_DEBUG_INFO = INCLUDE_SOURCE;
				MTL_FAST_MATH = YES;
				ONLY_ACTIVE_ARCH = YES;
				PRODUCT_NAME = "$(TARGET_NAME)";
				SDKROOT = auto;
				STRING_CATALOG_GENERATE_SYMBOLS = YES;
				SWIFT_ACTIVE_COMPILATION_CONDITIONS = DEBUG;
				SWIFT_OPTIMIZATION_LEVEL = "-Onone";
				SWIFT_VERSION = 5.0;
			};
			name = Debug;
		};
		517A04DB1FAD3B9453134C2F /* Debug */ = {
			isa = XCBuildConfiguration;
			buildSettings = {
				BUNDLE_LOADER = "$(TEST_HOST)";
				CODE_SIGN_IDENTITY = "Apple Development";
				CODE_SIGN_STYLE = Automatic;
				DEAD_CODE_STRIPPING = YES;
				GENERATE_INFOPLIST_FILE = YES;
				IPHONEOS_DEPLOYMENT_TARGET = 17.0;
				LD_RUNPATH_SEARCH_PATHS = (
					"$(inherited)",
					"@executable_path/Frameworks",
					"@loader_path/Frameworks",
				);
				PRODUCT_BUNDLE_IDENTIFIER = com.void.smarttube.app.uitests;
				PROVISIONING_PROFILE_SPECIFIER = "";
				SDKROOT = auto;
				SUPPORTED_PLATFORMS = "iphoneos iphonesimulator";
				SUPPORTS_MACCATALYST = NO;
				SUPPORTS_MAC_DESIGNED_FOR_IPHONE_IPAD = YES;
				SUPPORTS_XR_DESIGNED_FOR_IPHONE_IPAD = YES;
				SWIFT_VERSION = 5.9;
				TARGETED_DEVICE_FAMILY = "1,2";
				TEST_TARGET_NAME = SmartTube;
			};
			name = Debug;
		};
		67E6B6832F9535CD00CD372F /* Debug */ = {
			isa = XCBuildConfiguration;
			buildSettings = {
				ASSETCATALOG_COMPILER_APPICON_NAME = "App Icon & Top Shelf Image";
				ASSETCATALOG_COMPILER_GENERATE_SWIFT_ASSET_SYMBOL_EXTENSIONS = YES;
				ASSETCATALOG_COMPILER_GLOBAL_ACCENT_COLOR_NAME = AccentColor;
				CLANG_CXX_LANGUAGE_STANDARD = "gnu++20";
				CODE_SIGN_IDENTITY = "Apple Development";
				"CODE_SIGN_IDENTITY[sdk=appletvos*]" = "iPhone Distribution";
				CODE_SIGN_STYLE = Manual;
				DEVELOPMENT_TEAM = "";
				"DEVELOPMENT_TEAM[sdk=appletvos*]" = 5A4JA438MW;
				ENABLE_PREVIEWS = YES;
				ENABLE_USER_SCRIPT_SANDBOXING = YES;
				GCC_C_LANGUAGE_STANDARD = gnu17;
				GCC_PREPROCESSOR_DEFINITIONS = (
					"DEBUG=1",
					"$(inherited)",
				);
				GENERATE_INFOPLIST_FILE = YES;
				INFOPLIST_KEY_CFBundleDisplayName = "Smart Tube";
				INFOPLIST_KEY_ITSAppUsesNonExemptEncryption = NO;
				INFOPLIST_KEY_LSApplicationCategoryType = "public.app-category.entertainment";
				INFOPLIST_KEY_UILaunchScreen_Generation = YES;
				INFOPLIST_KEY_UIUserInterfaceStyle = Automatic;
				LD_RUNPATH_SEARCH_PATHS = (
					"$(inherited)",
					"@executable_path/Frameworks",
				);
				LOCALIZATION_PREFERS_STRING_CATALOGS = YES;
				PRODUCT_BUNDLE_IDENTIFIER = com.void.smarttube.app;
				PRODUCT_NAME = "$(TARGET_NAME)";
				PROVISIONING_PROFILE_SPECIFIER = "";
				"PROVISIONING_PROFILE_SPECIFIER[sdk=appletvos*]" = "Smart Tube TV";
				SDKROOT = appletvos;
				STRING_CATALOG_GENERATE_SYMBOLS = YES;
				SUPPORTED_PLATFORMS = "appletvos appletvsimulator";
				SWIFT_ACTIVE_COMPILATION_CONDITIONS = "DEBUG $(inherited)";
				SWIFT_EMIT_LOC_STRINGS = YES;
				SWIFT_VERSION = 5.9;
				TARGETED_DEVICE_FAMILY = 3;
				TVOS_DEPLOYMENT_TARGET = 17.6;
			};
			name = Debug;
		};
		67E6B6842F9535CD00CD372F /* Release */ = {
			isa = XCBuildConfiguration;
			buildSettings = {
				ASSETCATALOG_COMPILER_APPICON_NAME = "App Icon & Top Shelf Image";
				ASSETCATALOG_COMPILER_GENERATE_SWIFT_ASSET_SYMBOL_EXTENSIONS = YES;
				ASSETCATALOG_COMPILER_GLOBAL_ACCENT_COLOR_NAME = AccentColor;
				CLANG_CXX_LANGUAGE_STANDARD = "gnu++20";
				CODE_SIGN_IDENTITY = "Apple Development";
				"CODE_SIGN_IDENTITY[sdk=appletvos*]" = "iPhone Distribution";
				CODE_SIGN_STYLE = Manual;
				DEVELOPMENT_TEAM = "";
				"DEVELOPMENT_TEAM[sdk=appletvos*]" = 5A4JA438MW;
				ENABLE_PREVIEWS = YES;
				ENABLE_USER_SCRIPT_SANDBOXING = YES;
				GCC_C_LANGUAGE_STANDARD = gnu17;
				GENERATE_INFOPLIST_FILE = YES;
				INFOPLIST_KEY_CFBundleDisplayName = "Smart Tube";
				INFOPLIST_KEY_ITSAppUsesNonExemptEncryption = NO;
				INFOPLIST_KEY_LSApplicationCategoryType = "public.app-category.entertainment";
				INFOPLIST_KEY_UILaunchScreen_Generation = YES;
				INFOPLIST_KEY_UIUserInterfaceStyle = Automatic;
				LD_RUNPATH_SEARCH_PATHS = (
					"$(inherited)",
					"@executable_path/Frameworks",
				);
				LOCALIZATION_PREFERS_STRING_CATALOGS = YES;
				PRODUCT_BUNDLE_IDENTIFIER = com.void.smarttube.app;
				PRODUCT_NAME = "$(TARGET_NAME)";
				PROVISIONING_PROFILE_SPECIFIER = "";
				"PROVISIONING_PROFILE_SPECIFIER[sdk=appletvos*]" = "Smart Tube TV";
				SDKROOT = appletvos;
				STRING_CATALOG_GENERATE_SYMBOLS = YES;
				SUPPORTED_PLATFORMS = "appletvos appletvsimulator";
				SWIFT_EMIT_LOC_STRINGS = YES;
				SWIFT_VERSION = 5.9;
				TARGETED_DEVICE_FAMILY = 3;
				TVOS_DEPLOYMENT_TARGET = 17.6;
				VALIDATE_PRODUCT = YES;
			};
			name = Release;
		};
		8C071631C8CB52D3A77F733C /* Debug */ = {
			isa = XCBuildConfiguration;
			buildSettings = {
				APPLICATION_EXTENSION_API_ONLY = YES;
				CLANG_ENABLE_OBJC_WEAK = NO;
				CODE_SIGN_IDENTITY = "iPhone Developer";
				CODE_SIGN_STYLE = Automatic;
				DEVELOPMENT_TEAM = 5A4JA438MW;
				INFOPLIST_FILE = DownloadWidget/Info.plist;
				IPHONEOS_DEPLOYMENT_TARGET = 17.0;
				LD_RUNPATH_SEARCH_PATHS = (
					"$(inherited)",
					"@executable_path/Frameworks",
					"@executable_path/../../Frameworks",
				);
				PRODUCT_BUNDLE_IDENTIFIER = com.void.smarttube.app.downloadwidget;
				PRODUCT_NAME = SmartTubeDownloadWidget;
				SDKROOT = iphoneos;
				SUPPORTED_PLATFORMS = "iphoneos iphonesimulator";
				SUPPORTS_MACCATALYST = NO;
				SWIFT_VERSION = 5.9;
				TARGETED_DEVICE_FAMILY = "1,2";
			};
			name = Debug;
		};
		9356239C117922436ED4FA14 /* Release */ = {
			isa = XCBuildConfiguration;
			buildSettings = {
				APPLICATION_EXTENSION_API_ONLY = YES;
				CLANG_ENABLE_OBJC_WEAK = NO;
				CODE_SIGN_IDENTITY = "iPhone Developer";
				CODE_SIGN_STYLE = Automatic;
				DEVELOPMENT_TEAM = 5A4JA438MW;
				INFOPLIST_FILE = DownloadWidget/Info.plist;
				IPHONEOS_DEPLOYMENT_TARGET = 17.0;
				LD_RUNPATH_SEARCH_PATHS = (
					"$(inherited)",
					"@executable_path/Frameworks",
					"@executable_path/../../Frameworks",
				);
				PRODUCT_BUNDLE_IDENTIFIER = com.void.smarttube.app.downloadwidget;
				PRODUCT_NAME = SmartTubeDownloadWidget;
				SDKROOT = iphoneos;
				SUPPORTED_PLATFORMS = "iphoneos iphonesimulator";
				SUPPORTS_MACCATALYST = NO;
				SWIFT_VERSION = 5.9;
				TARGETED_DEVICE_FAMILY = "1,2";
				VALIDATE_PRODUCT = YES;
			};
			name = Release;
		};
		9EE8D597F302E6F05047F968 /* Release */ = {
			isa = XCBuildConfiguration;
			buildSettings = {
				BUNDLE_LOADER = "$(TEST_HOST)";
				CODE_SIGN_IDENTITY = "Apple Development";
				CODE_SIGN_STYLE = Automatic;
				DEAD_CODE_STRIPPING = YES;
				GENERATE_INFOPLIST_FILE = YES;
				IPHONEOS_DEPLOYMENT_TARGET = 17.0;
				LD_RUNPATH_SEARCH_PATHS = (
					"$(inherited)",
					"@executable_path/Frameworks",
					"@loader_path/Frameworks",
				);
				PRODUCT_BUNDLE_IDENTIFIER = com.void.smarttube.app.uitests;
				PROVISIONING_PROFILE_SPECIFIER = "";
				SDKROOT = auto;
				SUPPORTED_PLATFORMS = "iphoneos iphonesimulator";
				SUPPORTS_MACCATALYST = NO;
				SUPPORTS_MAC_DESIGNED_FOR_IPHONE_IPAD = YES;
				SUPPORTS_XR_DESIGNED_FOR_IPHONE_IPAD = YES;
				SWIFT_VERSION = 5.9;
				TARGETED_DEVICE_FAMILY = "1,2";
				TEST_TARGET_NAME = SmartTube;
			};
			name = Release;
		};
		AA01000000000000000000AB /* Debug */ = {
			isa = XCBuildConfiguration;
			buildSettings = {
				APPLICATION_EXTENSION_API_ONLY = YES;
				CODE_SIGN_ENTITLEMENTS = ShareExtension/SmartTubeShareExtension.entitlements;
				CODE_SIGN_IDENTITY = "iPhone Developer";
				CODE_SIGN_STYLE = Automatic;
				DEVELOPMENT_TEAM = 5A4JA438MW;
				INFOPLIST_FILE = ShareExtension/Info.plist;
				IPHONEOS_DEPLOYMENT_TARGET = 17.0;
				LD_RUNPATH_SEARCH_PATHS = (
					"$(inherited)",
					"@executable_path/Frameworks",
					"@executable_path/../../Frameworks",
				);
				PRODUCT_BUNDLE_IDENTIFIER = com.void.smarttube.app.shareextension;
				PRODUCT_NAME = SmartTubeShareExtension;
				SDKROOT = iphoneos;
				SUPPORTED_PLATFORMS = "iphoneos iphonesimulator";
				SUPPORTS_MACCATALYST = NO;
				SWIFT_VERSION = 5.9;
				TARGETED_DEVICE_FAMILY = "1,2";
			};
			name = Debug;
		};
		AA01000000000000000000AC /* Release */ = {
			isa = XCBuildConfiguration;
			buildSettings = {
				APPLICATION_EXTENSION_API_ONLY = YES;
				CODE_SIGN_ENTITLEMENTS = ShareExtension/SmartTubeShareExtension.entitlements;
				CODE_SIGN_IDENTITY = "iPhone Developer";
				CODE_SIGN_STYLE = Automatic;
				DEVELOPMENT_TEAM = 5A4JA438MW;
				INFOPLIST_FILE = ShareExtension/Info.plist;
				IPHONEOS_DEPLOYMENT_TARGET = 17.0;
				LD_RUNPATH_SEARCH_PATHS = (
					"$(inherited)",
					"@executable_path/Frameworks",
					"@executable_path/../../Frameworks",
				);
				PRODUCT_BUNDLE_IDENTIFIER = com.void.smarttube.app.shareextension;
				PRODUCT_NAME = SmartTubeShareExtension;
				SDKROOT = iphoneos;
				SUPPORTED_PLATFORMS = "iphoneos iphonesimulator";
				SUPPORTS_MACCATALYST = NO;
				SWIFT_VERSION = 5.9;
				TARGETED_DEVICE_FAMILY = "1,2";
				VALIDATE_PRODUCT = YES;
			};
			name = Release;
		};
		B114FDA1A112D6CFA1203000 /* Release */ = {
			isa = XCBuildConfiguration;
			buildSettings = {
				ASSETCATALOG_COMPILER_APPICON_NAME = AppIcon;
				ASSETCATALOG_COMPILER_INCLUDE_ALL_APPICON_ASSETS = NO;
				CODE_SIGN_ENTITLEMENTS = SmartTubeApp/SmartTubeApp.entitlements;
				CODE_SIGN_IDENTITY = "iPhone Developer";
				CODE_SIGN_STYLE = Automatic;
				COMBINE_HIDPI_IMAGES = YES;
				DEAD_CODE_STRIPPING = YES;
				DEVELOPMENT_TEAM = 5A4JA438MW;
				ENABLE_PREVIEWS = YES;
				INFOPLIST_FILE = SmartTubeApp/Info.plist;
				INFOPLIST_KEY_CFBundleDisplayName = "Smart Tube";
				INFOPLIST_KEY_LSApplicationCategoryType = "public.app-category.entertainment";
				IPHONEOS_DEPLOYMENT_TARGET = 17.0;
				LAUNCH_STORYBOARD_NAME = "Launch Screen";
				LD_RUNPATH_SEARCH_PATHS = (
					"$(inherited)",
					"@executable_path/Frameworks",
				);
				MACOSX_DEPLOYMENT_TARGET = 14.0;
				PRODUCT_BUNDLE_IDENTIFIER = com.void.smarttube.app;
				PRODUCT_NAME = SmartTube;
				SDKROOT = auto;
				SUPPORTED_PLATFORMS = "iphoneos iphonesimulator";
				SUPPORTS_MACCATALYST = NO;
				SUPPORTS_MAC_DESIGNED_FOR_IPHONE_IPAD = NO;
				SUPPORTS_XR_DESIGNED_FOR_IPHONE_IPAD = NO;
				SWIFT_VERSION = 5.9;
				TARGETED_DEVICE_FAMILY = "1,2";
			};
			name = Release;
		};
		FF8768BF04D8F26434D2CCCD /* Release */ = {
			isa = XCBuildConfiguration;
			buildSettings = {
				ALWAYS_SEARCH_USER_PATHS = NO;
				CLANG_ANALYZER_NONNULL = YES;
				CLANG_ANALYZER_NUMBER_OBJECT_CONVERSION = YES_AGGRESSIVE;
				CLANG_CXX_LANGUAGE_STANDARD = "gnu++14";
				CLANG_CXX_LIBRARY = "libc++";
				CLANG_ENABLE_MODULES = YES;
				CLANG_ENABLE_OBJC_ARC = YES;
				CLANG_ENABLE_OBJC_WEAK = YES;
				CLANG_WARN_BLOCK_CAPTURE_AUTORELEASING = YES;
				CLANG_WARN_BOOL_CONVERSION = YES;
				CLANG_WARN_COMMA = YES;
				CLANG_WARN_CONSTANT_CONVERSION = YES;
				CLANG_WARN_DEPRECATED_OBJC_IMPLEMENTATIONS = YES;
				CLANG_WARN_DIRECT_OBJC_ISA_USAGE = YES_ERROR;
				CLANG_WARN_DOCUMENTATION_COMMENTS = YES;
				CLANG_WARN_EMPTY_BODY = YES;
				CLANG_WARN_ENUM_CONVERSION = YES;
				CLANG_WARN_INFINITE_RECURSION = YES;
				CLANG_WARN_INT_CONVERSION = YES;
				CLANG_WARN_NON_LITERAL_NULL_CONVERSION = YES;
				CLANG_WARN_OBJC_IMPLICIT_RETAIN_SELF = YES;
				CLANG_WARN_OBJC_LITERAL_CONVERSION = YES;
				CLANG_WARN_OBJC_ROOT_CLASS = YES_ERROR;
				CLANG_WARN_QUOTED_INCLUDE_IN_FRAMEWORK_HEADER = YES;
				CLANG_WARN_RANGE_LOOP_ANALYSIS = YES;
				CLANG_WARN_STRICT_PROTOTYPES = YES;
				CLANG_WARN_SUSPICIOUS_MOVE = YES;
				CLANG_WARN_UNGUARDED_AVAILABILITY = YES_AGGRESSIVE;
				CLANG_WARN_UNREACHABLE_CODE = YES;
				CLANG_WARN__DUPLICATE_METHOD_MATCH = YES;
				COPY_PHASE_STRIP = NO;
				CURRENT_PROJECT_VERSION = 1;
				DEAD_CODE_STRIPPING = YES;
				DEBUG_INFORMATION_FORMAT = "dwarf-with-dsym";
				ENABLE_NS_ASSERTIONS = NO;
				ENABLE_STRICT_OBJC_MSGSEND = YES;
				GCC_C_LANGUAGE_STANDARD = gnu11;
				GCC_NO_COMMON_BLOCKS = YES;
				GCC_WARN_64_TO_32_BIT_CONVERSION = YES;
				GCC_WARN_ABOUT_RETURN_TYPE = YES_ERROR;
				GCC_WARN_UNDECLARED_SELECTOR = YES;
				GCC_WARN_UNINITIALIZED_AUTOS = YES_AGGRESSIVE;
				GCC_WARN_UNUSED_FUNCTION = YES;
				GCC_WARN_UNUSED_VARIABLE = YES;
				MARKETING_VERSION = 1.9;
				MTL_ENABLE_DEBUG_INFO = NO;
				MTL_FAST_MATH = YES;
				PRODUCT_NAME = "$(TARGET_NAME)";
				SDKROOT = auto;
				STRING_CATALOG_GENERATE_SYMBOLS = YES;
				SWIFT_COMPILATION_MODE = wholemodule;
				SWIFT_OPTIMIZATION_LEVEL = "-O";
				SWIFT_VERSION = 5.0;
			};
			name = Release;
		};
/* End XCBuildConfiguration section */

/* Begin XCConfigurationList section */
		0B664A7C4FCE77DC38FBE17B /* Build configuration list for PBXProject "SmartTubeApp" */ = {
			isa = XCConfigurationList;
			buildConfigurations = (
				4AF41A3BD9270B2E62E2D1FD /* Debug */,
				FF8768BF04D8F26434D2CCCD /* Release */,
			);
			defaultConfigurationIsVisible = 0;
			defaultConfigurationName = Debug;
		};
		1A2B3C4D5E6F1A2B3C4D5E68 /* Build configuration list for PBXNativeTarget "SmartTubeTVUITests" */ = {
			isa = XCConfigurationList;
			buildConfigurations = (
				1A2B3C4D5E6F1A2B3C4D5E66 /* Debug */,
				1A2B3C4D5E6F1A2B3C4D5E67 /* Release */,
			);
			defaultConfigurationIsVisible = 0;
			defaultConfigurationName = Debug;
		};
		67E6B6852F9535CD00CD372F /* Build configuration list for PBXNativeTarget "Smart Tube" */ = {
			isa = XCConfigurationList;
			buildConfigurations = (
				67E6B6832F9535CD00CD372F /* Debug */,
				67E6B6842F9535CD00CD372F /* Release */,
			);
			defaultConfigurationIsVisible = 0;
			defaultConfigurationName = Debug;
		};
		7D9289AB39EE378EB64C7F41 /* Build configuration list for PBXNativeTarget "SmartTubeDownloadWidget" */ = {
			isa = XCConfigurationList;
			buildConfigurations = (
				9356239C117922436ED4FA14 /* Release */,
				8C071631C8CB52D3A77F733C /* Debug */,
			);
			defaultConfigurationIsVisible = 0;
			defaultConfigurationName = Release;
		};
		A25E75A9105B7E731FA11D5F /* Build configuration list for PBXNativeTarget "SmartTube" */ = {
			isa = XCConfigurationList;
			buildConfigurations = (
				0451DED328B2EF41079875ED /* Debug */,
				B114FDA1A112D6CFA1203000 /* Release */,
			);
			defaultConfigurationIsVisible = 0;
			defaultConfigurationName = Debug;
		};
		AA01000000000000000000AD /* Build configuration list for PBXNativeTarget "SmartTubeShareExtension" */ = {
			isa = XCConfigurationList;
			buildConfigurations = (
				AA01000000000000000000AB /* Debug */,
				AA01000000000000000000AC /* Release */,
			);
			defaultConfigurationIsVisible = 0;
			defaultConfigurationName = Debug;
		};
		AEAB87BD362E4200A8AED20B /* Build configuration list for PBXNativeTarget "SmartTubeUITests" */ = {
			isa = XCConfigurationList;
			buildConfigurations = (
				517A04DB1FAD3B9453134C2F /* Debug */,
				9EE8D597F302E6F05047F968 /* Release */,
			);
			defaultConfigurationIsVisible = 0;
			defaultConfigurationName = Debug;
		};
/* End XCConfigurationList section */

/* Begin XCLocalSwiftPackageReference section */
		644EA6428F48EF6B886E4B58 /* XCLocalSwiftPackageReference "../SmartTubeIOS" */ = {
			isa = XCLocalSwiftPackageReference;
			relativePath = ../SmartTubeIOS;
		};
/* End XCLocalSwiftPackageReference section */

/* Begin XCSwiftPackageProductDependency section */
		4D96747315A9E066D09F1F4E /* SmartTubeIOSCore */ = {
			isa = XCSwiftPackageProductDependency;
			package = 644EA6428F48EF6B886E4B58 /* XCLocalSwiftPackageReference "../SmartTubeIOS" */;
			productName = SmartTubeIOSCore;
		};
		67E6B6862F9535CD00CD372F /* SmartTubeIOS */ = {
			isa = XCSwiftPackageProductDependency;
			package = 644EA6428F48EF6B886E4B58 /* XCLocalSwiftPackageReference "../SmartTubeIOS" */;
			productName = SmartTubeIOS;
		};
		AA01000000000000000000B1 /* SmartTubeIOSCore */ = {
			isa = XCSwiftPackageProductDependency;
			package = 644EA6428F48EF6B886E4B58 /* XCLocalSwiftPackageReference "../SmartTubeIOS" */;
			productName = SmartTubeIOSCore;
		};
		B8401470D9A590E7F3685830 /* SmartTubeIOS */ = {
			isa = XCSwiftPackageProductDependency;
			productName = SmartTubeIOS;
		};
/* End XCSwiftPackageProductDependency section */
	};
	rootObject = CF958B49C3E80CFAE3F092E3 /* Project object */;
}
